
Microsoft Visual Studio Solution File, Format Version 12.00
# Visual Studio Version 16
VisualStudioVersion = 16.0.31025.194
MinimumVisualStudioVersion = 10.0.40219.1
Project("{FAE04EC0-301F-11D3-BF4B-00C04F79EFBC}") = "DevCard_MVC", "DevCard_MVC\DevCard_MVC.csproj", "{0A7CF33B-7E36-4E96-A686-6F8EE6282A61}"
EndProject
Global
	GlobalSection(SolutionConfigurationPlatforms) = preSolution
		Debug|Any CPU = Debug|Any CPU
		Release|Any CPU = Release|Any CPU
	EndGlobalSection
	GlobalSection(ProjectConfigurationPlatforms) = postSolution
		{0A7CF33B-7E36-4E96-A686-6F8EE6282A61}.Debug|Any CPU.ActiveCfg = Debug|Any CPU
		{0A7CF33B-7E36-4E96-A686-6F8EE6282A61}.Debug|Any CPU.Build.0 = Debug|Any CPU
		{0A7CF33B-7E36-4E96-A686-6F8EE6282A61}.Release|Any CPU.ActiveCfg = Release|Any CPU
		{0A7CF33B-7E36-4E96-A686-6F8EE6282A61}.Release|Any CPU.Build.0 = Release|Any CPU
	EndGlobalSection
	GlobalSection(SolutionProperties) = preSolution
		HideSolutionNode = FALSE
	EndGlobalSection
	GlobalSection(ExtensibilityGlobals) = postSolution
		SolutionGuid = {3076214A-B077-457A-83D6-74475F535ED0}
	EndGlobalSection
EndGlobal
